
Microsoft Visual Studio Solution File, Format Version 12.00
# Visual Studio Version 17
VisualStudioVersion = 17.7.34031.279
MinimumVisualStudioVersion = 10.0.40219.1
Project("{FAE04EC0-301F-11D3-BF4B-00C04F79EFBC}") = "Notifications", "Notifications.csproj", "{F304F758-84E3-4FA3-8CFA-005DB22492DF}"
EndProject
Global
	GlobalSection(SolutionConfigurationPlatforms) = preSolution
		Debug|Any CPU = Debug|Any CPU
		Release|Any CPU = Release|Any CPU
	EndGlobalSection
	GlobalSection(ProjectConfigurationPlatforms) = postSolution
		{F304F758-84E3-4FA3-8CFA-005DB22492DF}.Debug|Any CPU.ActiveCfg = Debug|Any CPU
		{F304F758-84E3-4FA3-8CFA-005DB22492DF}.Debug|Any CPU.Build.0 = Debug|Any CPU
		{F304F758-84E3-4FA3-8CFA-005DB22492DF}.Release|Any CPU.ActiveCfg = Release|Any CPU
		{F304F758-84E3-4FA3-8CFA-005DB22492DF}.Release|Any CPU.Build.0 = Release|Any CPU
	EndGlobalSection
	GlobalSection(SolutionProperties) = preSolution
		HideSolutionNode = FALSE
	EndGlobalSection
	GlobalSection(ExtensibilityGlobals) = postSolution
		SolutionGuid = {42A3F3D1-6216-4439-8739-744A01A1F8B1}
	EndGlobalSection
EndGlobal
